Microsoft Visual Studio Solution File, Format Version 8.00
Project("{8BC9CEB8-8B4A-11D0-8D11-00A0C91BC942}") = "ModifyMemory", "ModifyMemory.vcproj", "{DC3E476F-066D-4BF3-A978-4EE807FD6C09}"
	ProjectSection(ProjectDependencies) = postProject
	EndProjectSection
EndProject
Global
	GlobalSection(SolutionConfiguration) = preSolution
		Debug = Debug
		Release = Release
	EndGlobalSection
	GlobalSection(ProjectConfiguration) = postSolution
		{DC3E476F-066D-4BF3-A978-4EE807FD6C09}.Debug.ActiveCfg = Debug|Win32
		{DC3E476F-066D-4BF3-A978-4EE807FD6C09}.Debug.Build.0 = Debug|Win32
		{DC3E476F-066D-4BF3-A978-4EE807FD6C09}.Release.ActiveCfg = Release|Win32
		{DC3E476F-066D-4BF3-A978-4EE807FD6C09}.Release.Build.0 = Release|Win32
	EndGlobalSection
	GlobalSection(ExtensibilityGlobals) = postSolution
	EndGlobalSection
	GlobalSection(ExtensibilityAddIns) = postSolution
	EndGlobalSection
EndGlobal
